
Microsoft Visual Studio Solution File, Format Version 12.00
# Visual Studio Version 17
VisualStudioVersion = 17.6.33723.286
MinimumVisualStudioVersion = 10.0.40219.1
Project("{FAE04EC0-301F-11D3-BF4B-00C04F79EFBC}") = "HappyTickets", "HappyTickets\HappyTickets.csproj", "{24837411-FFB3-41E7-96E7-72370F0EB69C}"
EndProject
Global
	GlobalSection(SolutionConfigurationPlatforms) = preSolution
		Debug|Any CPU = Debug|Any CPU
		Release|Any CPU = Release|Any CPU
	EndGlobalSection
	GlobalSection(ProjectConfigurationPlatforms) = postSolution
		{24837411-FFB3-41E7-96E7-72370F0EB69C}.Debug|Any CPU.ActiveCfg = Debug|Any CPU
		{24837411-FFB3-41E7-96E7-72370F0EB69C}.Debug|Any CPU.Build.0 = Debug|Any CPU
		{24837411-FFB3-41E7-96E7-72370F0EB69C}.Release|Any CPU.ActiveCfg = Release|Any CPU
		{24837411-FFB3-41E7-96E7-72370F0EB69C}.Release|Any CPU.Build.0 = Release|Any CPU
	EndGlobalSection
	GlobalSection(SolutionProperties) = preSolution
		HideSolutionNode = FALSE
	EndGlobalSection
	GlobalSection(ExtensibilityGlobals) = postSolution
		SolutionGuid = {4FBAA6D7-A16B-4DD7-8915-445D8E3238BE}
	EndGlobalSection
EndGlobal
